// !$*UTF8*$!
{
	archiveVersion = 1;
	classes = {
	};
	objectVersion = 46;
	objects = {

/* Begin PBXBuildFile section */
		EBBDF9641A8051E60016DFBC /* main.c in Sources */ = {isa = PBXBuildFile; fileRef = EBBDF9631A8051E60016DFBC /* main.c */; };
/* End PBXBuildFile section */

/* Begin PBXCopyFilesBuildPhase section */
		EBBDF95E1A8051E60016DFBC /* CopyFiles */ = {
			isa = PBXCopyFilesBuildPhase;
			buildActionMask = 2147483647;
			dstPath = /usr/share/man/man1/;
			dstSubfolderSpec = 0;
			files = (
			);
			runOnlyForDeploymentPostprocessing = 1;
		};
/* End PBXCopyFilesBuildPhase section */

/* Begin PBXFileReference section */
		EBBDF9601A8051E60016DFBC /* FuzzBizzNezz */ = {isa = PBXFileReference; explicitFileType = "compiled.mach-o.executable"; includeInIndex = 0; path = FuzzBizzNezz; sourceTree = BUILT_PRODUCTS_DIR; };
		EBBDF9631A8051E60016DFBC /* main.c */ = {isa = PBXFileReference; lastKnownFileType = sourcecode.c.c; path = main.c; sourceTree = "<group>"; };
/* End PBXFileReference section */

/* Begin PBXFrameworksBuildPhase section */
		EBBDF95D1A8051E60016DFBC /* Frameworks */ = {
			isa = PBXFrameworksBuildPhase;
			buildActionMask = 2147483647;
			files = (
			);
			runOnlyForDeploymentPostprocessing = 0;
		};
/* End PBXFrameworksBuildPhase section */

/* Begin PBXGroup section */
		EBBDF9571A8051E60016DFBC = {
			isa = PBXGroup;
			children = (
				EBBDF9621A8051E60016DFBC /* FuzzBizzNezz */,
				EBBDF9611A8051E60016DFBC /* Products */,
			);
			sourceTree = "<group>";
		};
		EBBDF9611A8051E60016DFBC /* Products */ = {
			isa = PBXGroup;
			children = (
				EBBDF9601A8051E60016DFBC /* FuzzBizzNezz */,
			);
			name = Products;
			sourceTree = "<group>";
		};
		EBBDF9621A8051E60016DFBC /* FuzzBizzNezz */ = {
			isa = PBXGroup;
			children = (
				EBBDF9631A8051E60016DFBC /* main.c */,
			);
			path = FuzzBizzNezz;
			sourceTree = "<group>";
		};
/* End PBXGroup section */

/* Begin PBXNativeTarget section */
		EBBDF95F1A8051E60016DFBC /* FuzzBizzNezz */ = {
			isa = PBXNativeTarget;
			buildConfigurationList = EBBDF9671A8051E60016DFBC /* Build configuration list for PBXNativeTarget "FuzzBizzNezz" */;
			buildPhases = (
				EBBDF95C1A8051E60016DFBC /* Sources */,
				EBBDF95D1A8051E60016DFBC /* Frameworks */,
				EBBDF95E1A8051E60016DFBC /* CopyFiles */,
			);
			buildRules = (
			);
			dependencies = (
			);
			name = FuzzBizzNezz;
			productName = FuzzBizzNezz;
			productReference = EBBDF9601A8051E60016DFBC /* FuzzBizzNezz */;
			productType = "com.apple.product-type.tool";
		};
/* End PBXNativeTarget section */

/* Begin PBXProject section */
		EBBDF9581A8051E60016DFBC /* Project object */ = {
			isa = PBXProject;
			attributes = {
				LastUpgradeCheck = 0610;
				ORGANIZATIONNAME = "98% Chimp";
				TargetAttributes = {
					EBBDF95F1A8051E60016DFBC = {
						CreatedOnToolsVersion = 6.1.1;
					};
				};
			};
			buildConfigurationList = EBBDF95B1A8051E60016DFBC /* Build configuration list for PBXProject "FuzzBizzNezz" */;
			compatibilityVersion = "Xcode 3.2";
			developmentRegion = English;
			hasScannedForEncodings = 0;
			knownRegions = (
				en,
			);
			mainGroup = EBBDF9571A8051E60016DFBC;
			productRefGroup = EBBDF9611A8051E60016DFBC /* Products */;
			projectDirPath = "";
			projectRoot = "";
			targets = (
				EBBDF95F1A8051E60016DFBC /* FuzzBizzNezz */,
			);
		};
/* End PBXProject section */

/* Begin PBXSourcesBuildPhase section */
		EBBDF95C1A8051E60016DFBC /* Sources */ = {
			isa = PBXSourcesBuildPhase;
			buildActionMask = 2147483647;
			files = (
				EBBDF9641A8051E60016DFBC /* main.c in Sources */,
			);
			runOnlyForDeploymentPostprocessing = 0;
		};
/* End PBXSourcesBuildPhase section */

/* Begin XCBuildConfiguration section */
		EBBDF9651A8051E60016DFBC /* Debug */ = {
			isa = XCBuildConfiguration;
			buildSettings = {
				ALWAYS_SEARCH_USER_PATHS = NO;
				CLANG_CXX_LANGUAGE_STANDARD = "gnu++0x";
				CLANG_CXX_LIBRARY = "libc++";
				CLANG_ENABLE_MODULES = YES;
				CLANG_ENABLE_OBJC_ARC = YES;
				CLANG_WARN_BOOL_CONVERSION = YES;
				CLANG_WARN_CONSTANT_CONVERSION = YES;
				CLANG_WARN_DIRECT_OBJC_ISA_USAGE = YES_ERROR;
				CLANG_WARN_EMPTY_BODY = YES;
				CLANG_WARN_ENUM_CONVERSION = YES;
				CLANG_WARN_INT_CONVERSION = YES;
				CLANG_WARN_OBJC_ROOT_CLASS = YES_ERROR;
				CLANG_WARN_UNREACHABLE_CODE = YES;
				CLANG_WARN__DUPLICATE_METHOD_MATCH = YES;
				COPY_PHASE_STRIP = NO;
				ENABLE_STRICT_OBJC_MSGSEND = YES;
				GCC_C_LANGUAGE_STANDARD = gnu99;
				GCC_DYNAMIC_NO_PIC = NO;
				GCC_OPTIMIZATION_LEVEL = 0;
				GCC_PREPROCESSOR_DEFINITIONS = (
					"DEBUG=1",
					"$(inherited)",
				);
				GCC_SYMBOLS_PRIVATE_EXTERN = NO;
				GCC_WARN_64_TO_32_BIT_CONVERSION = YES;
				GCC_WARN_ABOUT_RETURN_TYPE = YES_ERROR;
				GCC_WARN_UNDECLARED_SELECTOR = YES;
				GCC_WARN_UNINITIALIZED_AUTOS = YES_AGGRESSIVE;
				GCC_WARN_UNUSED_FUNCTION = YES;
				GCC_WARN_UNUSED_VARIABLE = YES;
				MACOSX_DEPLOYMENT_TARGET = 10.10;
				MTL_ENABLE_DEBUG_INFO = YES;
				ONLY_ACTIVE_ARCH = YES;
				SDKROOT = macosx;
			};
			name = Debug;
		};
		EBBDF9661A8051E60016DFBC /* Release */ = {
			isa = XCBuildConfiguration;
			buildSettings = {
				ALWAYS_SEARCH_USER_PATHS = NO;
				CLANG_CXX_LANGUAGE_STANDARD = "gnu++0x";
				CLANG_CXX_LIBRARY = "libc++";
				CLANG_ENABLE_MODULES = YES;
				CLANG_ENABLE_OBJC_ARC = YES;
				CLANG_WARN_BOOL_CONVERSION = YES;
				CLANG_WARN_CONSTANT_CONVERSION = YES;
				CLANG_WARN_DIRECT_OBJC_ISA_USAGE = YES_ERROR;
				CLANG_WARN_EMPTY_BODY = YES;
				CLANG_WARN_ENUM_CONVERSION = YES;
				CLANG_WARN_INT_CONVERSION = YES;
				CLANG_WARN_OBJC_ROOT_CLASS = YES_ERROR;
				CLANG_WARN_UNREACHABLE_CODE = YES;
				CLANG_WARN__DUPLICATE_METHOD_MATCH = YES;
				COPY_PHASE_STRIP = YES;
				DEBUG_INFORMATION_FORMAT = "dwarf-with-dsym";
				ENABLE_NS_ASSERTIONS = NO;
				ENABLE_STRICT_OBJC_MSGSEND = YES;
				GCC_C_LANGUAGE_STANDARD = gnu99;
				GCC_WARN_64_TO_32_BIT_CONVERSION = YES;
				GCC_WARN_ABOUT_RETURN_TYPE = YES_ERROR;
				GCC_WARN_UNDECLARED_SELECTOR = YES;
				GCC_WARN_UNINITIALIZED_AUTOS = YES_AGGRESSIVE;
				GCC_WARN_UNUSED_FUNCTION = YES;
				GCC_WARN_UNUSED_VARIABLE = YES;
				MACOSX_DEPLOYMENT_TARGET = 10.10;
				MTL_ENABLE_DEBUG_INFO = NO;
				SDKROOT = macosx;
			};
			name = Release;
		};
		EBBDF9681A8051E60016DFBC /* Debug */ = {
			isa = XCBuildConfiguration;
			buildSettings = {
				PRODUCT_NAME = "$(TARGET_NAME)";
			};
			name = Debug;
		};
		EBBDF9691A8051E60016DFBC /* Release */ = {
			isa = XCBuildConfiguration;
			buildSettings = {
				PRODUCT_NAME = "$(TARGET_NAME)";
			};
			name = Release;
		};
/* End XCBuildConfiguration section */

/* Begin XCConfigurationList section */
		EBBDF95B1A8051E60016DFBC /* Build configuration list for PBXProject "FuzzBizzNezz" */ = {
			isa = XCConfigurationList;
			buildConfigurations = (
				EBBDF9651A8051E60016DFBC /* Debug */,
				EBBDF9661A8051E60016DFBC /* Release */,
			);
			defaultConfigurationIsVisible = 0;
			defaultConfigurationName = Release;
		};
		EBBDF9671A8051E60016DFBC /* Build configuration list for PBXNativeTarget "FuzzBizzNezz" */ = {
			isa = XCConfigurationList;
			buildConfigurations = (
				EBBDF9681A8051E60016DFBC /* Debug */,
				EBBDF9691A8051E60016DFBC /* Release */,
			);
			defaultConfigurationIsVisible = 0;
		};
/* End XCConfigurationList section */
	};
	rootObject = EBBDF9581A8051E60016DFBC /* Project object */;
}
